// !$*UTF8*$!
{
	archiveVersion = 1;
	classes = {
	};
	objectVersion = 51;
	objects = {

/* Begin PBXBuildFile section */
		15D5C56C12B8A7CCE88E27D8 /* Pods_SmartLibrary.framework in Frameworks */ = {isa = PBXBuildFile; fileRef = 9F1917A91CAC59A59BD9C623 /* Pods_SmartLibrary.framework */; };
		1B238F65232FA53E0078396F /* CustomBridgeModule.swift in Sources */ = {isa = PBXBuildFile; fileRef = 1B238F64232FA53E0078396F /* CustomBridgeModule.swift */; };
		1B404F9123E2031F009B2E70 /* BatchLoadingManager.swift in Sources */ = {isa = PBXBuildFile; fileRef = 1B404F8B23E2031F009B2E70 /* BatchLoadingManager.swift */; };
		1B404F9223E2031F009B2E70 /* BatchLoaderView.swift in Sources */ = {isa = PBXBuildFile; fileRef = 1B404F8E23E2031F009B2E70 /* BatchLoaderView.swift */; };
		1B404F9323E2031F009B2E70 /* BatchLoadingViewController.swift in Sources */ = {isa = PBXBuildFile; fileRef = 1B404F8F23E2031F009B2E70 /* BatchLoadingViewController.swift */; };
		1B404F9423E2031F009B2E70 /* BatchLoadingView.swift in Sources */ = {isa = PBXBuildFile; fileRef = 1B404F9023E2031F009B2E70 /* BatchLoadingView.swift */; };
		1B404F9623E204BE009B2E70 /* AttributedStringBuilder.swift in Sources */ = {isa = PBXBuildFile; fileRef = 1B404F9523E204BD009B2E70 /* AttributedStringBuilder.swift */; };
		1BAB7DC223952F1600850D4F /* SLLoader.swift in Sources */ = {isa = PBXBuildFile; fileRef = 1BAB7DBE23952F1600850D4F /* SLLoader.swift */; };
		1BAB7DC323952F1600850D4F /* SLLoaderContentView.swift in Sources */ = {isa = PBXBuildFile; fileRef = 1BAB7DBF23952F1600850D4F /* SLLoaderContentView.swift */; };
		1BAB7DC423952F1600850D4F /* SLLoaderView.swift in Sources */ = {isa = PBXBuildFile; fileRef = 1BAB7DC023952F1600850D4F /* SLLoaderView.swift */; };
		1BAB7DC523952F1600850D4F /* loader.json in Resources */ = {isa = PBXBuildFile; fileRef = 1BAB7DC123952F1600850D4F /* loader.json */; };
		1BD54332239FC0F300E1FCE8 /* Router.swift in Sources */ = {isa = PBXBuildFile; fileRef = 1BD54331239FC0F300E1FCE8 /* Router.swift */; };
		1BD54334239FC8C000E1FCE8 /* MainViewController.swift in Sources */ = {isa = PBXBuildFile; fileRef = 1BD54333239FC8C000E1FCE8 /* MainViewController.swift */; };
		1BD54336239FCA6500E1FCE8 /* MainView.swift in Sources */ = {isa = PBXBuildFile; fileRef = 1BD54335239FCA6500E1FCE8 /* MainView.swift */; };
		1BD54338239FDC8400E1FCE8 /* ContentManager.swift in Sources */ = {isa = PBXBuildFile; fileRef = 1BD54337239FDC8400E1FCE8 /* ContentManager.swift */; };
		1BF4ABBA23A67A3A00B1BFC4 /* Presentation+Extension.swift in Sources */ = {isa = PBXBuildFile; fileRef = 1BF4ABB923A67A3A00B1BFC4 /* Presentation+Extension.swift */; };
		1BF4ABBF23A94C4A00B1BFC4 /* LoaderAnimator.swift in Sources */ = {isa = PBXBuildFile; fileRef = 1BF4ABBE23A94C4A00B1BFC4 /* LoaderAnimator.swift */; };
		22ACB71D73C925DAC5877D6E /* Pods_SmartLibraryTests.framework in Frameworks */ = {isa = PBXBuildFile; fileRef = 8E402F5F095AC622451F2832 /* Pods_SmartLibraryTests.framework */; };
		5C12E39D2200AD57004D68F5 /* PresentationViewController.swift in Sources */ = {isa = PBXBuildFile; fileRef = 5C12E39C2200AD57004D68F5 /* PresentationViewController.swift */; };
		5C12E3A42201AC1B004D68F5 /* AlertController.swift in Sources */ = {isa = PBXBuildFile; fileRef = 5C12E3A32201AC1B004D68F5 /* AlertController.swift */; };
		5C1AF8F321F9BA1700CF4ABA /* Date+Ext.swift in Sources */ = {isa = PBXBuildFile; fileRef = 5C1AF8F221F9BA1700CF4ABA /* Date+Ext.swift */; };
		5C24FAC622256BF80097B70C /* NFDownloadButton.swift in Sources */ = {isa = PBXBuildFile; fileRef = 5C24FAC522256BF80097B70C /* NFDownloadButton.swift */; };
		5C24FAC8222574E30097B70C /* UIColor+Ext.swift in Sources */ = {isa = PBXBuildFile; fileRef = 5C24FAC7222574E30097B70C /* UIColor+Ext.swift */; };
		5C2F2BF12306A32B004F4DB9 /* MapPresentationController.swift in Sources */ = {isa = PBXBuildFile; fileRef = 5C2F2BEF2306A32B004F4DB9 /* MapPresentationController.swift */; };
		5C2F2BF32306A32B004F4DB9 /* MapViewController.swift in Sources */ = {isa = PBXBuildFile; fileRef = 5C2F2BF02306A32B004F4DB9 /* MapViewController.swift */; };
		5C2F2BF72306A4FE004F4DB9 /* UIView+Ext.swift in Sources */ = {isa = PBXBuildFile; fileRef = 5C2F2BF62306A4FE004F4DB9 /* UIView+Ext.swift */; };
		5C2F2C082306A7FF004F4DB9 /* PSBaseTreeGraphView.m in Sources */ = {isa = PBXBuildFile; fileRef = 5C2F2BFA2306A7FF004F4DB9 /* PSBaseTreeGraphView.m */; };
		5C2F2C0A2306A7FF004F4DB9 /* PSBaseSubtreeView.m in Sources */ = {isa = PBXBuildFile; fileRef = 5C2F2BFB2306A7FF004F4DB9 /* PSBaseSubtreeView.m */; };
		5C2F2C0C2306A7FF004F4DB9 /* PSBaseBranchView.m in Sources */ = {isa = PBXBuildFile; fileRef = 5C2F2BFD2306A7FF004F4DB9 /* PSBaseBranchView.m */; };
		5C2F2C0E2306A7FF004F4DB9 /* SlideLeafNodeView.xib in Resources */ = {isa = PBXBuildFile; fileRef = 5C2F2BFF2306A7FF004F4DB9 /* SlideLeafNodeView.xib */; };
		5C2F2C102306A7FF004F4DB9 /* PSBaseLeafView.m in Sources */ = {isa = PBXBuildFile; fileRef = 5C2F2C002306A7FF004F4DB9 /* PSBaseLeafView.m */; };
		5C2F2C122306A7FF004F4DB9 /* SlideModelNode.swift in Sources */ = {isa = PBXBuildFile; fileRef = 5C2F2C042306A7FF004F4DB9 /* SlideModelNode.swift */; };
		5C2F2C142306A7FF004F4DB9 /* SlideLeafView.swift in Sources */ = {isa = PBXBuildFile; fileRef = 5C2F2C062306A7FF004F4DB9 /* SlideLeafView.swift */; };
		5C45D52D2209DDB800107541 /* MediaViewController.swift in Sources */ = {isa = PBXBuildFile; fileRef = 5C45D52C2209DDB800107541 /* MediaViewController.swift */; };
		5C48B5CC21F74E2500EE1795 /* AppDelegate.swift in Sources */ = {isa = PBXBuildFile; fileRef = 5C48B5CB21F74E2500EE1795 /* AppDelegate.swift */; };
		5C48B5D121F74E2500EE1795 /* Main.storyboard in Resources */ = {isa = PBXBuildFile; fileRef = 5C48B5CF21F74E2500EE1795 /* Main.storyboard */; };
		5C48B5D321F74E2700EE1795 /* Assets.xcassets in Resources */ = {isa = PBXBuildFile; fileRef = 5C48B5D221F74E2700EE1795 /* Assets.xcassets */; };
		5C48B5D621F74E2700EE1795 /* LaunchScreen.storyboard in Resources */ = {isa = PBXBuildFile; fileRef = 5C48B5D421F74E2700EE1795 /* LaunchScreen.storyboard */; };
		5C48B5E121F74E2700EE1795 /* SmartLibraryTests.swift in Sources */ = {isa = PBXBuildFile; fileRef = 5C48B5E021F74E2700EE1795 /* SmartLibraryTests.swift */; };
		5C8A7C4C2245009B007634C8 /* LoginViewModel.swift in Sources */ = {isa = PBXBuildFile; fileRef = 5C8A7C4B2245009B007634C8 /* LoginViewModel.swift */; };
		5C90921B2306BD0800750FA8 /* SectionHeaderView.swift in Sources */ = {isa = PBXBuildFile; fileRef = 5C90921A2306BD0800750FA8 /* SectionHeaderView.swift */; };
		5C9092242306D77C00750FA8 /* SLLocationManager.swift in Sources */ = {isa = PBXBuildFile; fileRef = 5C9092202306D77C00750FA8 /* SLLocationManager.swift */; };
		5C9092252306D77C00750FA8 /* SLSessionsCredentials.swift in Sources */ = {isa = PBXBuildFile; fileRef = 5C9092222306D77C00750FA8 /* SLSessionsCredentials.swift */; };
		5C9092262306D77C00750FA8 /* SLSessionsSyncManager.swift in Sources */ = {isa = PBXBuildFile; fileRef = 5C9092232306D77C00750FA8 /* SLSessionsSyncManager.swift */; };
		5CA88DC721F8727A00A7AAF0 /* Library.storyboard in Resources */ = {isa = PBXBuildFile; fileRef = 5CA88DC621F8727A00A7AAF0 /* Library.storyboard */; };
		5CA88DC921F872A900A7AAF0 /* LibraryViewController.swift in Sources */ = {isa = PBXBuildFile; fileRef = 5CA88DC821F872A900A7AAF0 /* LibraryViewController.swift */; };
		5CA88DCC21F8749000A7AAF0 /* LibraryCell.swift in Sources */ = {isa = PBXBuildFile; fileRef = 5CA88DCB21F8749000A7AAF0 /* LibraryCell.swift */; };
		5CA88DCE21F8752000A7AAF0 /* MainViewModel.swift in Sources */ = {isa = PBXBuildFile; fileRef = 5CA88DCD21F8751F00A7AAF0 /* MainViewModel.swift */; };
		5CF05A2422424A0900138B5A /* LoginViewController.swift in Sources */ = {isa = PBXBuildFile; fileRef = 5CF05A2322424A0900138B5A /* LoginViewController.swift */; };
		5CF05A762243ACC000138B5A /* AuthCredentials.plist in Resources */ = {isa = PBXBuildFile; fileRef = 5CF05A752243ACBF00138B5A /* AuthCredentials.plist */; };
		5CFB914822240223001C4E57 /* MediaCell.swift in Sources */ = {isa = PBXBuildFile; fileRef = 5CFB914722240223001C4E57 /* MediaCell.swift */; };
		5CFB914A22240874001C4E57 /* MediaViewModel.swift in Sources */ = {isa = PBXBuildFile; fileRef = 5CFB914922240874001C4E57 /* MediaViewModel.swift */; };
/* End PBXBuildFile section */

/* Begin PBXContainerItemProxy section */
		5C48B5DD21F74E2700EE1795 /* PBXContainerItemProxy */ = {
			isa = PBXContainerItemProxy;
			containerPortal = 5C48B5C021F74E2500EE1795 /* Project object */;
			proxyType = 1;
			remoteGlobalIDString = 5C48B5C721F74E2500EE1795;
			remoteInfo = SmartLibrary2;
		};
/* End PBXContainerItemProxy section */

/* Begin PBXCopyFilesBuildPhase section */
		5CDC85BF224A21D70001189E /* Embed Frameworks */ = {
			isa = PBXCopyFilesBuildPhase;
			buildActionMask = 2147483647;
			dstPath = "";
			dstSubfolderSpec = 10;
			files = (
			);
			name = "Embed Frameworks";
			runOnlyForDeploymentPostprocessing = 0;
		};
/* End PBXCopyFilesBuildPhase section */

/* Begin PBXFileReference section */
		126AB419A6CBA046B987E441 /* Pods_SmartLibrary_Staging.framework */ = {isa = PBXFileReference; explicitFileType = wrapper.framework; includeInIndex = 0; path = Pods_SmartLibrary_Staging.framework; sourceTree = BUILT_PRODUCTS_DIR; };
		171CFB13C4FC7E001AE5A125 /* Pods-SmartLibrary_Staging.debug.xcconfig */ = {isa = PBXFileReference; includeInIndex = 1; lastKnownFileType = text.xcconfig; name = "Pods-SmartLibrary_Staging.debug.xcconfig"; path = "Pods/Target Support Files/Pods-SmartLibrary_Staging/Pods-SmartLibrary_Staging.debug.xcconfig"; sourceTree = "<group>"; };
		1B238F64232FA53E0078396F /* CustomBridgeModule.swift */ = {isa = PBXFileReference; lastKnownFileType = sourcecode.swift; path = CustomBridgeModule.swift; sourceTree = "<group>"; };
		1B404F8B23E2031F009B2E70 /* BatchLoadingManager.swift */ = {isa = PBXFileReference; fileEncoding = 4; lastKnownFileType = sourcecode.swift; path = BatchLoadingManager.swift; sourceTree = "<group>"; };
		1B404F8E23E2031F009B2E70 /* BatchLoaderView.swift */ = {isa = PBXFileReference; fileEncoding = 4; lastKnownFileType = sourcecode.swift; path = BatchLoaderView.swift; sourceTree = "<group>"; };
		1B404F8F23E2031F009B2E70 /* BatchLoadingViewController.swift */ = {isa = PBXFileReference; fileEncoding = 4; lastKnownFileType = sourcecode.swift; path = BatchLoadingViewController.swift; sourceTree = "<group>"; };
		1B404F9023E2031F009B2E70 /* BatchLoadingView.swift */ = {isa = PBXFileReference; fileEncoding = 4; lastKnownFileType = sourcecode.swift; path = BatchLoadingView.swift; sourceTree = "<group>"; };
		1B404F9523E204BD009B2E70 /* AttributedStringBuilder.swift */ = {isa = PBXFileReference; fileEncoding = 4; lastKnownFileType = sourcecode.swift; path = AttributedStringBuilder.swift; sourceTree = "<group>"; };
		1BAB7DBE23952F1600850D4F /* SLLoader.swift */ = {isa = PBXFileReference; fileEncoding = 4; lastKnownFileType = sourcecode.swift; path = SLLoader.swift; sourceTree = "<group>"; };
		1BAB7DBF23952F1600850D4F /* SLLoaderContentView.swift */ = {isa = PBXFileReference; fileEncoding = 4; lastKnownFileType = sourcecode.swift; path = SLLoaderContentView.swift; sourceTree = "<group>"; };
		1BAB7DC023952F1600850D4F /* SLLoaderView.swift */ = {isa = PBXFileReference; fileEncoding = 4; lastKnownFileType = sourcecode.swift; path = SLLoaderView.swift; sourceTree = "<group>"; };
		1BAB7DC123952F1600850D4F /* loader.json */ = {isa = PBXFileReference; fileEncoding = 4; lastKnownFileType = text.json; path = loader.json; sourceTree = "<group>"; };
		1BD54331239FC0F300E1FCE8 /* Router.swift */ = {isa = PBXFileReference; lastKnownFileType = sourcecode.swift; path = Router.swift; sourceTree = "<group>"; };
		1BD54333239FC8C000E1FCE8 /* MainViewController.swift */ = {isa = PBXFileReference; lastKnownFileType = sourcecode.swift; path = MainViewController.swift; sourceTree = "<group>"; };
		1BD54335239FCA6500E1FCE8 /* MainView.swift */ = {isa = PBXFileReference; lastKnownFileType = sourcecode.swift; path = MainView.swift; sourceTree = "<group>"; };
		1BD54337239FDC8400E1FCE8 /* ContentManager.swift */ = {isa = PBXFileReference; lastKnownFileType = sourcecode.swift; path = ContentManager.swift; sourceTree = "<group>"; };
		1BF4ABB923A67A3A00B1BFC4 /* Presentation+Extension.swift */ = {isa = PBXFileReference; lastKnownFileType = sourcecode.swift; path = "Presentation+Extension.swift"; sourceTree = "<group>"; };
		1BF4ABBE23A94C4A00B1BFC4 /* LoaderAnimator.swift */ = {isa = PBXFileReference; lastKnownFileType = sourcecode.swift; path = LoaderAnimator.swift; sourceTree = "<group>"; };
		37B1820E2322DAA480E7B7DE /* Pods-SmartLibraryTests.debug.xcconfig */ = {isa = PBXFileReference; includeInIndex = 1; lastKnownFileType = text.xcconfig; name = "Pods-SmartLibraryTests.debug.xcconfig"; path = "Pods/Target Support Files/Pods-SmartLibraryTests/Pods-SmartLibraryTests.debug.xcconfig"; sourceTree = "<group>"; };
		4F3025B1508031E6E7A16175 /* Pods-SmartLibraryTests.release.xcconfig */ = {isa = PBXFileReference; includeInIndex = 1; lastKnownFileType = text.xcconfig; name = "Pods-SmartLibraryTests.release.xcconfig"; path = "Pods/Target Support Files/Pods-SmartLibraryTests/Pods-SmartLibraryTests.release.xcconfig"; sourceTree = "<group>"; };
		5C12E39C2200AD57004D68F5 /* PresentationViewController.swift */ = {isa = PBXFileReference; lastKnownFileType = sourcecode.swift; path = PresentationViewController.swift; sourceTree = "<group>"; };
		5C12E3A32201AC1B004D68F5 /* AlertController.swift */ = {isa = PBXFileReference; lastKnownFileType = sourcecode.swift; path = AlertController.swift; sourceTree = "<group>"; };
		5C1AF8F221F9BA1700CF4ABA /* Date+Ext.swift */ = {isa = PBXFileReference; lastKnownFileType = sourcecode.swift; path = "Date+Ext.swift"; sourceTree = "<group>"; };
		5C24FAC522256BF80097B70C /* NFDownloadButton.swift */ = {isa = PBXFileReference; fileEncoding = 4; lastKnownFileType = sourcecode.swift; path = NFDownloadButton.swift; sourceTree = "<group>"; };
		5C24FAC7222574E30097B70C /* UIColor+Ext.swift */ = {isa = PBXFileReference; lastKnownFileType = sourcecode.swift; path = "UIColor+Ext.swift"; sourceTree = "<group>"; };
		5C2F2BEF2306A32B004F4DB9 /* MapPresentationController.swift */ = {isa = PBXFileReference; fileEncoding = 4; lastKnownFileType = sourcecode.swift; path = MapPresentationController.swift; sourceTree = "<group>"; };
		5C2F2BF02306A32B004F4DB9 /* MapViewController.swift */ = {isa = PBXFileReference; fileEncoding = 4; lastKnownFileType = sourcecode.swift; path = MapViewController.swift; sourceTree = "<group>"; };
		5C2F2BF62306A4FE004F4DB9 /* UIView+Ext.swift */ = {isa = PBXFileReference; lastKnownFileType = sourcecode.swift; path = "UIView+Ext.swift"; sourceTree = "<group>"; };
		5C2F2BFA2306A7FF004F4DB9 /* PSBaseTreeGraphView.m */ = {isa = PBXFileReference; fileEncoding = 4; lastKnownFileType = sourcecode.c.objc; path = PSBaseTreeGraphView.m; sourceTree = "<group>"; };
		5C2F2BFB2306A7FF004F4DB9 /* PSBaseSubtreeView.m */ = {isa = PBXFileReference; fileEncoding = 4; lastKnownFileType = sourcecode.c.objc; path = PSBaseSubtreeView.m; sourceTree = "<group>"; };
		5C2F2BFC2306A7FF004F4DB9 /* PSTreeGraphModelNode.h */ = {isa = PBXFileReference; fileEncoding = 4; lastKnownFileType = sourcecode.c.h; path = PSTreeGraphModelNode.h; sourceTree = "<group>"; };
		5C2F2BFD2306A7FF004F4DB9 /* PSBaseBranchView.m */ = {isa = PBXFileReference; fileEncoding = 4; lastKnownFileType = sourcecode.c.objc; path = PSBaseBranchView.m; sourceTree = "<group>"; };
		5C2F2BFE2306A7FF004F4DB9 /* PSTreeGraphDelegate.h */ = {isa = PBXFileReference; fileEncoding = 4; lastKnownFileType = sourcecode.c.h; path = PSTreeGraphDelegate.h; sourceTree = "<group>"; };
		5C2F2BFF2306A7FF004F4DB9 /* SlideLeafNodeView.xib */ = {isa = PBXFileReference; fileEncoding = 4; lastKnownFileType = file.xib; path = SlideLeafNodeView.xib; sourceTree = "<group>"; };
		5C2F2C002306A7FF004F4DB9 /* PSBaseLeafView.m */ = {isa = PBXFileReference; fileEncoding = 4; lastKnownFileType = sourcecode.c.objc; path = PSBaseLeafView.m; sourceTree = "<group>"; };
		5C2F2C012306A7FF004F4DB9 /* PSBaseSubtreeView.h */ = {isa = PBXFileReference; fileEncoding = 4; lastKnownFileType = sourcecode.c.h; path = PSBaseSubtreeView.h; sourceTree = "<group>"; };
		5C2F2C022306A7FF004F4DB9 /* PSBaseTreeGraphView.h */ = {isa = PBXFileReference; fileEncoding = 4; lastKnownFileType = sourcecode.c.h; path = PSBaseTreeGraphView.h; sourceTree = "<group>"; };
		5C2F2C032306A7FF004F4DB9 /* PSBaseTreeGraphView_Internal.h */ = {isa = PBXFileReference; fileEncoding = 4; lastKnownFileType = sourcecode.c.h; path = PSBaseTreeGraphView_Internal.h; sourceTree = "<group>"; };
		5C2F2C042306A7FF004F4DB9 /* SlideModelNode.swift */ = {isa = PBXFileReference; fileEncoding = 4; lastKnownFileType = sourcecode.swift; path = SlideModelNode.swift; sourceTree = "<group>"; };
		5C2F2C052306A7FF004F4DB9 /* PSBaseBranchView.h */ = {isa = PBXFileReference; fileEncoding = 4; lastKnownFileType = sourcecode.c.h; path = PSBaseBranchView.h; sourceTree = "<group>"; };
		5C2F2C062306A7FF004F4DB9 /* SlideLeafView.swift */ = {isa = PBXFileReference; fileEncoding = 4; lastKnownFileType = sourcecode.swift; path = SlideLeafView.swift; sourceTree = "<group>"; };
		5C2F2C072306A7FF004F4DB9 /* PSBaseLeafView.h */ = {isa = PBXFileReference; fileEncoding = 4; lastKnownFileType = sourcecode.c.h; path = PSBaseLeafView.h; sourceTree = "<group>"; };
		5C45D52C2209DDB800107541 /* MediaViewController.swift */ = {isa = PBXFileReference; lastKnownFileType = sourcecode.swift; path = MediaViewController.swift; sourceTree = "<group>"; };
		5C45D530220AFCF700107541 /* SmartLibrary-Bridging-Header.h */ = {isa = PBXFileReference; lastKnownFileType = sourcecode.c.h; path = "SmartLibrary-Bridging-Header.h"; sourceTree = "<group>"; };
		5C48B5C821F74E2500EE1795 /* SmartLibrary.app */ = {isa = PBXFileReference; explicitFileType = wrapper.application; includeInIndex = 0; path = SmartLibrary.app; sourceTree = BUILT_PRODUCTS_DIR; };
		5C48B5CB21F74E2500EE1795 /* AppDelegate.swift */ = {isa = PBXFileReference; lastKnownFileType = sourcecode.swift; path = AppDelegate.swift; sourceTree = "<group>"; };
		5C48B5D021F74E2500EE1795 /* Base */ = {isa = PBXFileReference; lastKnownFileType = file.storyboard; name = Base; path = Base.lproj/Main.storyboard; sourceTree = "<group>"; };
		5C48B5D221F74E2700EE1795 /* Assets.xcassets */ = {isa = PBXFileReference; lastKnownFileType = folder.assetcatalog; path = Assets.xcassets; sourceTree = "<group>"; };
		5C48B5D521F74E2700EE1795 /* Base */ = {isa = PBXFileReference; lastKnownFileType = file.storyboard; name = Base; path = Base.lproj/LaunchScreen.storyboard; sourceTree = "<group>"; };
		5C48B5DC21F74E2700EE1795 /* SmartLibraryTests.xctest */ = {isa = PBXFileReference; explicitFileType = wrapper.cfbundle; includeInIndex = 0; path = SmartLibraryTests.xctest; sourceTree = BUILT_PRODUCTS_DIR; };
		5C48B5E021F74E2700EE1795 /* SmartLibraryTests.swift */ = {isa = PBXFileReference; lastKnownFileType = sourcecode.swift; path = SmartLibraryTests.swift; sourceTree = "<group>"; };
		5C48B5E221F74E2700EE1795 /* Info.plist */ = {isa = PBXFileReference; lastKnownFileType = text.plist.xml; path = Info.plist; sourceTree = "<group>"; };
		5C8A7C4B2245009B007634C8 /* LoginViewModel.swift */ = {isa = PBXFileReference; lastKnownFileType = sourcecode.swift; path = LoginViewModel.swift; sourceTree = "<group>"; };
		5C90921A2306BD0800750FA8 /* SectionHeaderView.swift */ = {isa = PBXFileReference; lastKnownFileType = sourcecode.swift; path = SectionHeaderView.swift; sourceTree = "<group>"; };
		5C9092202306D77C00750FA8 /* SLLocationManager.swift */ = {isa = PBXFileReference; fileEncoding = 4; lastKnownFileType = sourcecode.swift; path = SLLocationManager.swift; sourceTree = "<group>"; };
		5C9092222306D77C00750FA8 /* SLSessionsCredentials.swift */ = {isa = PBXFileReference; fileEncoding = 4; lastKnownFileType = sourcecode.swift; path = SLSessionsCredentials.swift; sourceTree = "<group>"; };
		5C9092232306D77C00750FA8 /* SLSessionsSyncManager.swift */ = {isa = PBXFileReference; fileEncoding = 4; lastKnownFileType = sourcecode.swift; path = SLSessionsSyncManager.swift; sourceTree = "<group>"; };
		5C9092272306DBBE00750FA8 /* .gitignore */ = {isa = PBXFileReference; lastKnownFileType = text; path = .gitignore; sourceTree = "<group>"; };
		5C9092282306E60F00750FA8 /* README.md */ = {isa = PBXFileReference; lastKnownFileType = net.daringfireball.markdown; path = README.md; sourceTree = "<group>"; };
		5CA88DC621F8727A00A7AAF0 /* Library.storyboard */ = {isa = PBXFileReference; lastKnownFileType = file.storyboard; path = Library.storyboard; sourceTree = "<group>"; };
		5CA88DC821F872A900A7AAF0 /* LibraryViewController.swift */ = {isa = PBXFileReference; lastKnownFileType = sourcecode.swift; path = LibraryViewController.swift; sourceTree = "<group>"; };
		5CA88DCB21F8749000A7AAF0 /* LibraryCell.swift */ = {isa = PBXFileReference; lastKnownFileType = sourcecode.swift; path = LibraryCell.swift; sourceTree = "<group>"; };
		5CA88DCD21F8751F00A7AAF0 /* MainViewModel.swift */ = {isa = PBXFileReference; lastKnownFileType = sourcecode.swift; path = MainViewModel.swift; sourceTree = "<group>"; };
		5CF05A2322424A0900138B5A /* LoginViewController.swift */ = {isa = PBXFileReference; lastKnownFileType = sourcecode.swift; path = LoginViewController.swift; sourceTree = "<group>"; };
		5CF05A6E2243AB5900138B5A /* Info.plist */ = {isa = PBXFileReference; fileEncoding = 4; lastKnownFileType = text.plist.xml; path = Info.plist; sourceTree = "<group>"; };
		5CF05A752243ACBF00138B5A /* AuthCredentials.plist */ = {isa = PBXFileReference; fileEncoding = 4; lastKnownFileType = text.plist.xml; path = AuthCredentials.plist; sourceTree = "<group>"; };
		5CFB914722240223001C4E57 /* MediaCell.swift */ = {isa = PBXFileReference; lastKnownFileType = sourcecode.swift; path = MediaCell.swift; sourceTree = "<group>"; };
		5CFB914922240874001C4E57 /* MediaViewModel.swift */ = {isa = PBXFileReference; lastKnownFileType = sourcecode.swift; path = MediaViewModel.swift; sourceTree = "<group>"; };
		8B3E49E87706DAE22198D5E5 /* Pods-SmartLibrary.release.xcconfig */ = {isa = PBXFileReference; includeInIndex = 1; lastKnownFileType = text.xcconfig; name = "Pods-SmartLibrary.release.xcconfig"; path = "Pods/Target Support Files/Pods-SmartLibrary/Pods-SmartLibrary.release.xcconfig"; sourceTree = "<group>"; };
		8E402F5F095AC622451F2832 /* Pods_SmartLibraryTests.framework */ = {isa = PBXFileReference; explicitFileType = wrapper.framework; includeInIndex = 0; path = Pods_SmartLibraryTests.framework; sourceTree = BUILT_PRODUCTS_DIR; };
		9F1917A91CAC59A59BD9C623 /* Pods_SmartLibrary.framework */ = {isa = PBXFileReference; explicitFileType = wrapper.framework; includeInIndex = 0; path = Pods_SmartLibrary.framework; sourceTree = BUILT_PRODUCTS_DIR; };
		DF247A797B132FFD1DEA82FF /* Pods-SmartLibrary.debug.xcconfig */ = {isa = PBXFileReference; includeInIndex = 1; lastKnownFileType = text.xcconfig; name = "Pods-SmartLibrary.debug.xcconfig"; path = "Pods/Target Support Files/Pods-SmartLibrary/Pods-SmartLibrary.debug.xcconfig"; sourceTree = "<group>"; };
		F6BCBC01A6C25FE8F33B7AEC /* Pods-SmartLibrary_Staging.release.xcconfig */ = {isa = PBXFileReference; includeInIndex = 1; lastKnownFileType = text.xcconfig; name = "Pods-SmartLibrary_Staging.release.xcconfig"; path = "Pods/Target Support Files/Pods-SmartLibrary_Staging/Pods-SmartLibrary_Staging.release.xcconfig"; sourceTree = "<group>"; };
/* End PBXFileReference section */

/* Begin PBXFrameworksBuildPhase section */
		5C48B5C521F74E2500EE1795 /* Frameworks */ = {
			isa = PBXFrameworksBuildPhase;
			buildActionMask = 2147483647;
			files = (
				15D5C56C12B8A7CCE88E27D8 /* Pods_SmartLibrary.framework in Frameworks */,
			);
			runOnlyForDeploymentPostprocessing = 0;
		};
		5C48B5D921F74E2700EE1795 /* Frameworks */ = {
			isa = PBXFrameworksBuildPhase;
			buildActionMask = 2147483647;
			files = (
				22ACB71D73C925DAC5877D6E /* Pods_SmartLibraryTests.framework in Frameworks */,
			);
			runOnlyForDeploymentPostprocessing = 0;
		};
/* End PBXFrameworksBuildPhase section */

/* Begin PBXGroup section */
		038422E67E5057D473537668 /* Pods */ = {
			isa = PBXGroup;
			children = (
				DF247A797B132FFD1DEA82FF /* Pods-SmartLibrary.debug.xcconfig */,
				8B3E49E87706DAE22198D5E5 /* Pods-SmartLibrary.release.xcconfig */,
				37B1820E2322DAA480E7B7DE /* Pods-SmartLibraryTests.debug.xcconfig */,
				4F3025B1508031E6E7A16175 /* Pods-SmartLibraryTests.release.xcconfig */,
				171CFB13C4FC7E001AE5A125 /* Pods-SmartLibrary_Staging.debug.xcconfig */,
				F6BCBC01A6C25FE8F33B7AEC /* Pods-SmartLibrary_Staging.release.xcconfig */,
			);
			name = Pods;
			sourceTree = "<group>";
		};
		1B238F63232FA5130078396F /* Custom */ = {
			isa = PBXGroup;
			children = (
				1B404F8A23E2031F009B2E70 /* BatchLoading */,
				1BAB7DBA23952EB800850D4F /* Loader */,
				1B404F9523E204BD009B2E70 /* AttributedStringBuilder.swift */,
				1B238F64232FA53E0078396F /* CustomBridgeModule.swift */,
			);
			path = Custom;
			sourceTree = "<group>";
		};
		1B404F8A23E2031F009B2E70 /* BatchLoading */ = {
			isa = PBXGroup;
			children = (
				1B404F8C23E2031F009B2E70 /* ViewController */,
				1B404F8B23E2031F009B2E70 /* BatchLoadingManager.swift */,
			);
			path = BatchLoading;
			sourceTree = "<group>";
		};
		1B404F8C23E2031F009B2E70 /* ViewController */ = {
			isa = PBXGroup;
			children = (
				1B404F8D23E2031F009B2E70 /* Loader */,
				1B404F8F23E2031F009B2E70 /* BatchLoadingViewController.swift */,
				1B404F9023E2031F009B2E70 /* BatchLoadingView.swift */,
			);
			path = ViewController;
			sourceTree = "<group>";
		};
		1B404F8D23E2031F009B2E70 /* Loader */ = {
			isa = PBXGroup;
			children = (
				1B404F8E23E2031F009B2E70 /* BatchLoaderView.swift */,
			);
			path = Loader;
			sourceTree = "<group>";
		};
		1BAB7DBA23952EB800850D4F /* Loader */ = {
			isa = PBXGroup;
			children = (
				1BAB7DBD23952F1600850D4F /* SCLMLoader */,
			);
			path = Loader;
			sourceTree = "<group>";
		};
		1BAB7DBD23952F1600850D4F /* SCLMLoader */ = {
			isa = PBXGroup;
			children = (
				1BAB7DBE23952F1600850D4F /* SLLoader.swift */,
				1BAB7DBF23952F1600850D4F /* SLLoaderContentView.swift */,
				1BAB7DC023952F1600850D4F /* SLLoaderView.swift */,
				1BAB7DC123952F1600850D4F /* loader.json */,
			);
			path = SCLMLoader;
			sourceTree = "<group>";
		};
		1BD54330239FC0D700E1FCE8 /* MainNavigation */ = {
			isa = PBXGroup;
			children = (
				1BD54339239FDD9600E1FCE8 /* MainView */,
				1BD54331239FC0F300E1FCE8 /* Router.swift */,
			);
			path = MainNavigation;
			sourceTree = "<group>";
		};
		1BD54339239FDD9600E1FCE8 /* MainView */ = {
			isa = PBXGroup;
			children = (
				1BD5433B239FDDB400E1FCE8 /* Manager */,
				1BD54333239FC8C000E1FCE8 /* MainViewController.swift */,
				1BD54335239FCA6500E1FCE8 /* MainView.swift */,
			);
			path = MainView;
			sourceTree = "<group>";
		};
		1BD5433B239FDDB400E1FCE8 /* Manager */ = {
			isa = PBXGroup;
			children = (
				5CA88DCD21F8751F00A7AAF0 /* MainViewModel.swift */,
				1BD54337239FDC8400E1FCE8 /* ContentManager.swift */,
			);
			path = Manager;
			sourceTree = "<group>";
		};
		1BF4ABBD23A94C3000B1BFC4 /* Animators */ = {
			isa = PBXGroup;
			children = (
				1BF4ABBE23A94C4A00B1BFC4 /* LoaderAnimator.swift */,
			);
			path = Animators;
			sourceTree = "<group>";
		};
		23036AEC6F3E77F2822E0828 /* Frameworks */ = {
			isa = PBXGroup;
			children = (
				9F1917A91CAC59A59BD9C623 /* Pods_SmartLibrary.framework */,
				8E402F5F095AC622451F2832 /* Pods_SmartLibraryTests.framework */,
				126AB419A6CBA046B987E441 /* Pods_SmartLibrary_Staging.framework */,
			);
			name = Frameworks;
			sourceTree = "<group>";
		};
		5C12E39E2201A1E9004D68F5 /* NFDownloadButton */ = {
			isa = PBXGroup;
			children = (
				5C24FAC522256BF80097B70C /* NFDownloadButton.swift */,
			);
			path = NFDownloadButton;
			sourceTree = "<group>";
		};
		5C12E3A12201ABF6004D68F5 /* Common */ = {
			isa = PBXGroup;
			children = (
				5C90921F2306D77C00750FA8 /* LocationManager */,
				5C9092212306D77C00750FA8 /* SessionsManager */,
				5C12E3A22201ABFF004D68F5 /* AlertController */,
				5C2F2BF92306A7FF004F4DB9 /* PSTreeGraphView */,
				5C12E39E2201A1E9004D68F5 /* NFDownloadButton */,
			);
			path = Common;
			sourceTree = "<group>";
		};
		5C12E3A22201ABFF004D68F5 /* AlertController */ = {
			isa = PBXGroup;
			children = (
				5C12E3A32201AC1B004D68F5 /* AlertController.swift */,
			);
			path = AlertController;
			sourceTree = "<group>";
		};
		5C1AF8F121F9BA0200CF4ABA /* Extensions */ = {
			isa = PBXGroup;
			children = (
				5C1AF8F221F9BA1700CF4ABA /* Date+Ext.swift */,
				1BF4ABB923A67A3A00B1BFC4 /* Presentation+Extension.swift */,
				5C24FAC7222574E30097B70C /* UIColor+Ext.swift */,
				5C2F2BF62306A4FE004F4DB9 /* UIView+Ext.swift */,
			);
			path = Extensions;
			sourceTree = "<group>";
		};
		5C2F2BE923069E28004F4DB9 /* Login */ = {
			isa = PBXGroup;
			children = (
				5CF05A2322424A0900138B5A /* LoginViewController.swift */,
				5C8A7C4B2245009B007634C8 /* LoginViewModel.swift */,
			);
			path = Login;
			sourceTree = "<group>";
		};
		5C2F2BEA23069E4C004F4DB9 /* Presentation */ = {
			isa = PBXGroup;
			children = (
				5C2F2BF52306A331004F4DB9 /* Map */,
				5C12E39C2200AD57004D68F5 /* PresentationViewController.swift */,
			);
			path = Presentation;
			sourceTree = "<group>";
		};
		5C2F2BEB23069E54004F4DB9 /* Media */ = {
			isa = PBXGroup;
			children = (
				5C2F2BEE23069EE2004F4DB9 /* Cell */,
				5C45D52C2209DDB800107541 /* MediaViewController.swift */,
				5CFB914922240874001C4E57 /* MediaViewModel.swift */,
			);
			path = Media;
			sourceTree = "<group>";
		};
		5C2F2BEE23069EE2004F4DB9 /* Cell */ = {
			isa = PBXGroup;
			children = (
				5CFB914722240223001C4E57 /* MediaCell.swift */,
			);
			path = Cell;
			sourceTree = "<group>";
		};
		5C2F2BF52306A331004F4DB9 /* Map */ = {
			isa = PBXGroup;
			children = (
				5C2F2BF02306A32B004F4DB9 /* MapViewController.swift */,
				5C2F2BEF2306A32B004F4DB9 /* MapPresentationController.swift */,
			);
			path = Map;
			sourceTree = "<group>";
		};
		5C2F2BF92306A7FF004F4DB9 /* PSTreeGraphView */ = {
			isa = PBXGroup;
			children = (
				5C2F2BFA2306A7FF004F4DB9 /* PSBaseTreeGraphView.m */,
				5C2F2BFB2306A7FF004F4DB9 /* PSBaseSubtreeView.m */,
				5C2F2BFC2306A7FF004F4DB9 /* PSTreeGraphModelNode.h */,
				5C2F2BFD2306A7FF004F4DB9 /* PSBaseBranchView.m */,
				5C2F2BFE2306A7FF004F4DB9 /* PSTreeGraphDelegate.h */,
				5C2F2BFF2306A7FF004F4DB9 /* SlideLeafNodeView.xib */,
				5C2F2C002306A7FF004F4DB9 /* PSBaseLeafView.m */,
				5C2F2C012306A7FF004F4DB9 /* PSBaseSubtreeView.h */,
				5C2F2C022306A7FF004F4DB9 /* PSBaseTreeGraphView.h */,
				5C2F2C032306A7FF004F4DB9 /* PSBaseTreeGraphView_Internal.h */,
				5C2F2C042306A7FF004F4DB9 /* SlideModelNode.swift */,
				5C2F2C052306A7FF004F4DB9 /* PSBaseBranchView.h */,
				5C2F2C062306A7FF004F4DB9 /* SlideLeafView.swift */,
				5C2F2C072306A7FF004F4DB9 /* PSBaseLeafView.h */,
			);
			path = PSTreeGraphView;
			sourceTree = "<group>";
		};
		5C48B5BF21F74E2500EE1795 = {
			isa = PBXGroup;
			children = (
				5C9092272306DBBE00750FA8 /* .gitignore */,
				5C9092282306E60F00750FA8 /* README.md */,
				5C48B5CA21F74E2500EE1795 /* SmartLibrary */,
				5C48B5DF21F74E2700EE1795 /* SmartLibraryTests */,
				5C48B5C921F74E2500EE1795 /* Products */,
				038422E67E5057D473537668 /* Pods */,
				23036AEC6F3E77F2822E0828 /* Frameworks */,
			);
			sourceTree = "<group>";
		};
		5C48B5C921F74E2500EE1795 /* Products */ = {
			isa = PBXGroup;
			children = (
				5C48B5C821F74E2500EE1795 /* SmartLibrary.app */,
				5C48B5DC21F74E2700EE1795 /* SmartLibraryTests.xctest */,
			);
			name = Products;
			sourceTree = "<group>";
		};
		5C48B5CA21F74E2500EE1795 /* SmartLibrary */ = {
			isa = PBXGroup;
			children = (
				1BF4ABBD23A94C3000B1BFC4 /* Animators */,
				5CA88DBB21F8719500A7AAF0 /* Modules */,
				5C12E3A12201ABF6004D68F5 /* Common */,
				5C1AF8F121F9BA0200CF4ABA /* Extensions */,
				5CF05A692243AB3A00138B5A /* Supporting Files */,
				5C48B5CB21F74E2500EE1795 /* AppDelegate.swift */,
			);
			path = SmartLibrary;
			sourceTree = "<group>";
		};
		5C48B5DF21F74E2700EE1795 /* SmartLibraryTests */ = {
			isa = PBXGroup;
			children = (
				5C48B5E021F74E2700EE1795 /* SmartLibraryTests.swift */,
				5C48B5E221F74E2700EE1795 /* Info.plist */,
			);
			path = SmartLibraryTests;
			sourceTree = "<group>";
		};
		5C90921F2306D77C00750FA8 /* LocationManager */ = {
			isa = PBXGroup;
			children = (
				5C9092202306D77C00750FA8 /* SLLocationManager.swift */,
			);
			path = LocationManager;
			sourceTree = "<group>";
		};
		5C9092212306D77C00750FA8 /* SessionsManager */ = {
			isa = PBXGroup;
			children = (
				5C9092222306D77C00750FA8 /* SLSessionsCredentials.swift */,
				5C9092232306D77C00750FA8 /* SLSessionsSyncManager.swift */,
			);
			path = SessionsManager;
			sourceTree = "<group>";
		};
		5CA88DBB21F8719500A7AAF0 /* Modules */ = {
			isa = PBXGroup;
			children = (
				1BD54330239FC0D700E1FCE8 /* MainNavigation */,
				1B238F63232FA5130078396F /* Custom */,
				5CA88DBE21F871A900A7AAF0 /* Library */,
				5C2F2BE923069E28004F4DB9 /* Login */,
				5C2F2BEB23069E54004F4DB9 /* Media */,
				5C2F2BEA23069E4C004F4DB9 /* Presentation */,
			);
			path = Modules;
			sourceTree = "<group>";
		};
		5CA88DBE21F871A900A7AAF0 /* Library */ = {
			isa = PBXGroup;
			children = (
				5CA88DCA21F873D600A7AAF0 /* Cell */,
				5CA88DC821F872A900A7AAF0 /* LibraryViewController.swift */,
				5CA88DC621F8727A00A7AAF0 /* Library.storyboard */,
			);
			path = Library;
			sourceTree = "<group>";
		};
		5CA88DCA21F873D600A7AAF0 /* Cell */ = {
			isa = PBXGroup;
			children = (
				5CA88DCB21F8749000A7AAF0 /* LibraryCell.swift */,
				5C90921A2306BD0800750FA8 /* SectionHeaderView.swift */,
			);
			path = Cell;
			sourceTree = "<group>";
		};
		5CF05A692243AB3A00138B5A /* Supporting Files */ = {
			isa = PBXGroup;
			children = (
				5CF05A6A2243AB5900138B5A /* Settings */,
				5C48B5CF21F74E2500EE1795 /* Main.storyboard */,
				5C48B5D221F74E2700EE1795 /* Assets.xcassets */,
				5C48B5D421F74E2700EE1795 /* LaunchScreen.storyboard */,
				5C45D530220AFCF700107541 /* SmartLibrary-Bridging-Header.h */,
			);
			name = "Supporting Files";
			sourceTree = "<group>";
		};
		5CF05A6A2243AB5900138B5A /* Settings */ = {
			isa = PBXGroup;
			children = (
				5CF05A6E2243AB5900138B5A /* Info.plist */,
				5CF05A752243ACBF00138B5A /* AuthCredentials.plist */,
			);
			path = Settings;
			sourceTree = "<group>";
		};
/* End PBXGroup section */

/* Begin PBXNativeTarget section */
		5C48B5C721F74E2500EE1795 /* SmartLibrary */ = {
			isa = PBXNativeTarget;
			buildConfigurationList = 5C48B5E521F74E2700EE1795 /* Build configuration list for PBXNativeTarget "SmartLibrary" */;
			buildPhases = (
				207095D6C7EDD842DF06B45E /* [CP] Check Pods Manifest.lock */,
				5C48B5C421F74E2500EE1795 /* Sources */,
				5C48B5C521F74E2500EE1795 /* Frameworks */,
				5C48B5C621F74E2500EE1795 /* Resources */,
				5C1AF90321FB3E7100CF4ABA /* ShellScript */,
				55D1A366CF8A204F54274026 /* [CP] Embed Pods Frameworks */,
				5CDC85BF224A21D70001189E /* Embed Frameworks */,
			);
			buildRules = (
			);
			dependencies = (
			);
			name = SmartLibrary;
			productName = SmartLibrary2;
			productReference = 5C48B5C821F74E2500EE1795 /* SmartLibrary.app */;
			productType = "com.apple.product-type.application";
		};
		5C48B5DB21F74E2700EE1795 /* SmartLibraryTests */ = {
			isa = PBXNativeTarget;
			buildConfigurationList = 5C48B5E821F74E2700EE1795 /* Build configuration list for PBXNativeTarget "SmartLibraryTests" */;
			buildPhases = (
				5425E016791F310C9A532145 /* [CP] Check Pods Manifest.lock */,
				5C48B5D821F74E2700EE1795 /* Sources */,
				5C48B5D921F74E2700EE1795 /* Frameworks */,
				5C48B5DA21F74E2700EE1795 /* Resources */,
			);
			buildRules = (
			);
			dependencies = (
				5C48B5DE21F74E2700EE1795 /* PBXTargetDependency */,
			);
			name = SmartLibraryTests;
			productName = SmartLibrary2Tests;
			productReference = 5C48B5DC21F74E2700EE1795 /* SmartLibraryTests.xctest */;
			productType = "com.apple.product-type.bundle.unit-test";
		};
/* End PBXNativeTarget section */

/* Begin PBXProject section */
		5C48B5C021F74E2500EE1795 /* Project object */ = {
			isa = PBXProject;
			attributes = {
				LastSwiftUpdateCheck = 1010;
				LastUpgradeCheck = 1010;
				ORGANIZATIONNAME = Breffi;
				TargetAttributes = {
					5C48B5C721F74E2500EE1795 = {
						CreatedOnToolsVersion = 10.1;
						LastSwiftMigration = 1010;
						SystemCapabilities = {
							com.apple.BackgroundModes = {
								enabled = 0;
							};
						};
					};
					5C48B5DB21F74E2700EE1795 = {
						CreatedOnToolsVersion = 10.1;
						TestTargetID = 5C48B5C721F74E2500EE1795;
					};
				};
			};
			buildConfigurationList = 5C48B5C321F74E2500EE1795 /* Build configuration list for PBXProject "SmartLibrary" */;
			compatibilityVersion = "Xcode 9.3";
			developmentRegion = en;
			hasScannedForEncodings = 0;
			knownRegions = (
				en,
				Base,
			);
			mainGroup = 5C48B5BF21F74E2500EE1795;
			productRefGroup = 5C48B5C921F74E2500EE1795 /* Products */;
			projectDirPath = "";
			projectRoot = "";
			targets = (
				5C48B5C721F74E2500EE1795 /* SmartLibrary */,
				5C48B5DB21F74E2700EE1795 /* SmartLibraryTests */,
			);
		};
/* End PBXProject section */

/* Begin PBXResourcesBuildPhase section */
		5C48B5C621F74E2500EE1795 /* Resources */ = {
			isa = PBXResourcesBuildPhase;
			buildActionMask = 2147483647;
			files = (
				5C48B5D621F74E2700EE1795 /* LaunchScreen.storyboard in Resources */,
				5C48B5D321F74E2700EE1795 /* Assets.xcassets in Resources */,
				5C2F2C0E2306A7FF004F4DB9 /* SlideLeafNodeView.xib in Resources */,
				1BAB7DC523952F1600850D4F /* loader.json in Resources */,
				5C48B5D121F74E2500EE1795 /* Main.storyboard in Resources */,
				5CA88DC721F8727A00A7AAF0 /* Library.storyboard in Resources */,
				5CF05A762243ACC000138B5A /* AuthCredentials.plist in Resources */,
			);
			runOnlyForDeploymentPostprocessing = 0;
		};
		5C48B5DA21F74E2700EE1795 /* Resources */ = {
			isa = PBXResourcesBuildPhase;
			buildActionMask = 2147483647;
			files = (
			);
			runOnlyForDeploymentPostprocessing = 0;
		};
/* End PBXResourcesBuildPhase section */

/* Begin PBXShellScriptBuildPhase section */
		207095D6C7EDD842DF06B45E /* [CP] Check Pods Manifest.lock */ = {
			isa = PBXShellScriptBuildPhase;
			buildActionMask = 2147483647;
			files = (
			);
			inputPaths = (
				"${PODS_PODFILE_DIR_PATH}/Podfile.lock",
				"${PODS_ROOT}/Manifest.lock",
			);
			name = "[CP] Check Pods Manifest.lock";
			outputPaths = (
				"$(DERIVED_FILE_DIR)/Pods-SmartLibrary-checkManifestLockResult.txt",
			);
			runOnlyForDeploymentPostprocessing = 0;
			shellPath = /bin/sh;
			shellScript = "diff \"${PODS_PODFILE_DIR_PATH}/Podfile.lock\" \"${PODS_ROOT}/Manifest.lock\" > /dev/null\nif [ $? != 0 ] ; then\n    # print error to STDERR\n    echo \"error: The sandbox is not in sync with the Podfile.lock. Run 'pod install' or update your CocoaPods installation.\" >&2\n    exit 1\nfi\n# This output is used by Xcode 'outputs' to avoid re-running this script phase.\necho \"SUCCESS\" > \"${SCRIPT_OUTPUT_FILE_0}\"\n";
			showEnvVarsInLog = 0;
		};
		5425E016791F310C9A532145 /* [CP] Check Pods Manifest.lock */ = {
			isa = PBXShellScriptBuildPhase;
			buildActionMask = 2147483647;
			files = (
			);
			inputPaths = (
				"${PODS_PODFILE_DIR_PATH}/Podfile.lock",
				"${PODS_ROOT}/Manifest.lock",
			);
			name = "[CP] Check Pods Manifest.lock";
			outputPaths = (
				"$(DERIVED_FILE_DIR)/Pods-SmartLibraryTests-checkManifestLockResult.txt",
			);
			runOnlyForDeploymentPostprocessing = 0;
			shellPath = /bin/sh;
			shellScript = "diff \"${PODS_PODFILE_DIR_PATH}/Podfile.lock\" \"${PODS_ROOT}/Manifest.lock\" > /dev/null\nif [ $? != 0 ] ; then\n    # print error to STDERR\n    echo \"error: The sandbox is not in sync with the Podfile.lock. Run 'pod install' or update your CocoaPods installation.\" >&2\n    exit 1\nfi\n# This output is used by Xcode 'outputs' to avoid re-running this script phase.\necho \"SUCCESS\" > \"${SCRIPT_OUTPUT_FILE_0}\"\n";
			showEnvVarsInLog = 0;
		};
		55D1A366CF8A204F54274026 /* [CP] Embed Pods Frameworks */ = {
			isa = PBXShellScriptBuildPhase;
			buildActionMask = 2147483647;
			files = (
			);
			inputFileListPaths = (
				"${PODS_ROOT}/Target Support Files/Pods-SmartLibrary/Pods-SmartLibrary-frameworks-${CONFIGURATION}-input-files.xcfilelist",
			);
			name = "[CP] Embed Pods Frameworks";
			outputFileListPaths = (
				"${PODS_ROOT}/Target Support Files/Pods-SmartLibrary/Pods-SmartLibrary-frameworks-${CONFIGURATION}-output-files.xcfilelist",
			);
			runOnlyForDeploymentPostprocessing = 0;
			shellPath = /bin/sh;
			shellScript = "\"${PODS_ROOT}/Target Support Files/Pods-SmartLibrary/Pods-SmartLibrary-frameworks.sh\"\n";
			showEnvVarsInLog = 0;
		};
		5C1AF90321FB3E7100CF4ABA /* ShellScript */ = {
			isa = PBXShellScriptBuildPhase;
			buildActionMask = 2147483647;
			files = (
			);
			inputPaths = (
			);
			outputPaths = (
			);
			runOnlyForDeploymentPostprocessing = 0;
			shellPath = /bin/sh;
			shellScript = "KEYWORDS=\"TODO|FIXME|\\?\\?\\?:|\\!\\!\\!:\"\nfind \"${SRCROOT}\" \\( -name \"*.swift\" \\) -print0 | \\\nxargs -0 egrep --with-filename --line-number --only-matching \"($KEYWORDS).*\\$\" | \\\nperl -p -e \"s/($KEYWORDS)/ warning: \\$1/\"\n";
		};
/* End PBXShellScriptBuildPhase section */

/* Begin PBXSourcesBuildPhase section */
		5C48B5C421F74E2500EE1795 /* Sources */ = {
			isa = PBXSourcesBuildPhase;
			buildActionMask = 2147483647;
			files = (
				1BAB7DC323952F1600850D4F /* SLLoaderContentView.swift in Sources */,
				5CFB914822240223001C4E57 /* MediaCell.swift in Sources */,
				5CFB914A22240874001C4E57 /* MediaViewModel.swift in Sources */,
				5C24FAC622256BF80097B70C /* NFDownloadButton.swift in Sources */,
				5CA88DCC21F8749000A7AAF0 /* LibraryCell.swift in Sources */,
				5C48B5CC21F74E2500EE1795 /* AppDelegate.swift in Sources */,
				5C2F2C0A2306A7FF004F4DB9 /* PSBaseSubtreeView.m in Sources */,
				1BD54336239FCA6500E1FCE8 /* MainView.swift in Sources */,
				1BD54332239FC0F300E1FCE8 /* Router.swift in Sources */,
				1BF4ABBF23A94C4A00B1BFC4 /* LoaderAnimator.swift in Sources */,
				1B404F9623E204BE009B2E70 /* AttributedStringBuilder.swift in Sources */,
				1B404F9323E2031F009B2E70 /* BatchLoadingViewController.swift in Sources */,
				5C2F2C0C2306A7FF004F4DB9 /* PSBaseBranchView.m in Sources */,
				1B404F9223E2031F009B2E70 /* BatchLoaderView.swift in Sources */,
				1B404F9423E2031F009B2E70 /* BatchLoadingView.swift in Sources */,
				5C12E39D2200AD57004D68F5 /* PresentationViewController.swift in Sources */,
				5C1AF8F321F9BA1700CF4ABA /* Date+Ext.swift in Sources */,
				1B404F9123E2031F009B2E70 /* BatchLoadingManager.swift in Sources */,
				5C2F2C122306A7FF004F4DB9 /* SlideModelNode.swift in Sources */,
				1B238F65232FA53E0078396F /* CustomBridgeModule.swift in Sources */,
				1BD54334239FC8C000E1FCE8 /* MainViewController.swift in Sources */,
				5C12E3A42201AC1B004D68F5 /* AlertController.swift in Sources */,
				5C2F2BF12306A32B004F4DB9 /* MapPresentationController.swift in Sources */,
				5C45D52D2209DDB800107541 /* MediaViewController.swift in Sources */,
				1BAB7DC423952F1600850D4F /* SLLoaderView.swift in Sources */,
				5C9092252306D77C00750FA8 /* SLSessionsCredentials.swift in Sources */,
				5C2F2BF32306A32B004F4DB9 /* MapViewController.swift in Sources */,
				5CA88DCE21F8752000A7AAF0 /* MainViewModel.swift in Sources */,
				5C9092262306D77C00750FA8 /* SLSessionsSyncManager.swift in Sources */,
				5C2F2C082306A7FF004F4DB9 /* PSBaseTreeGraphView.m in Sources */,
				1BD54338239FDC8400E1FCE8 /* ContentManager.swift in Sources */,
				5CF05A2422424A0900138B5A /* LoginViewController.swift in Sources */,
				5C24FAC8222574E30097B70C /* UIColor+Ext.swift in Sources */,
				5C2F2C142306A7FF004F4DB9 /* SlideLeafView.swift in Sources */,
				5C2F2BF72306A4FE004F4DB9 /* UIView+Ext.swift in Sources */,
				1BF4ABBA23A67A3A00B1BFC4 /* Presentation+Extension.swift in Sources */,
				5C2F2C102306A7FF004F4DB9 /* PSBaseLeafView.m in Sources */,
				5C9092242306D77C00750FA8 /* SLLocationManager.swift in Sources */,
				5CA88DC921F872A900A7AAF0 /* LibraryViewController.swift in Sources */,
				5C90921B2306BD0800750FA8 /* SectionHeaderView.swift in Sources */,
				1BAB7DC223952F1600850D4F /* SLLoader.swift in Sources */,
				5C8A7C4C2245009B007634C8 /* LoginViewModel.swift in Sources */,
			);
			runOnlyForDeploymentPostprocessing = 0;
		};
		5C48B5D821F74E2700EE1795 /* Sources */ = {
			isa = PBXSourcesBuildPhase;
			buildActionMask = 2147483647;
			files = (
				5C48B5E121F74E2700EE1795 /* SmartLibraryTests.swift in Sources */,
			);
			runOnlyForDeploymentPostprocessing = 0;
		};
/* End PBXSourcesBuildPhase section */

/* Begin PBXTargetDependency section */
		5C48B5DE21F74E2700EE1795 /* PBXTargetDependency */ = {
			isa = PBXTargetDependency;
			target = 5C48B5C721F74E2500EE1795 /* SmartLibrary */;
			targetProxy = 5C48B5DD21F74E2700EE1795 /* PBXContainerItemProxy */;
		};
/* End PBXTargetDependency section */

/* Begin PBXVariantGroup section */
		5C48B5CF21F74E2500EE1795 /* Main.storyboard */ = {
			isa = PBXVariantGroup;
			children = (
				5C48B5D021F74E2500EE1795 /* Base */,
			);
			name = Main.storyboard;
			sourceTree = "<group>";
		};
		5C48B5D421F74E2700EE1795 /* LaunchScreen.storyboard */ = {
			isa = PBXVariantGroup;
			children = (
				5C48B5D521F74E2700EE1795 /* Base */,
			);
			name = LaunchScreen.storyboard;
			sourceTree = "<group>";
		};
/* End PBXVariantGroup section */

/* Begin XCBuildConfiguration section */
		5C48B5E321F74E2700EE1795 /* Debug */ = {
			isa = XCBuildConfiguration;
			buildSettings = {
				ALWAYS_SEARCH_USER_PATHS = NO;
				CLANG_ANALYZER_NONNULL = YES;
				CLANG_ANALYZER_NUMBER_OBJECT_CONVERSION = YES_AGGRESSIVE;
				CLANG_CXX_LANGUAGE_STANDARD = "gnu++14";
				CLANG_CXX_LIBRARY = "libc++";
				CLANG_ENABLE_MODULES = YES;
				CLANG_ENABLE_OBJC_ARC = YES;
				CLANG_ENABLE_OBJC_WEAK = YES;
				CLANG_WARN_BLOCK_CAPTURE_AUTORELEASING = YES;
				CLANG_WARN_BOOL_CONVERSION = YES;
				CLANG_WARN_COMMA = YES;
				CLANG_WARN_CONSTANT_CONVERSION = YES;
				CLANG_WARN_DEPRECATED_OBJC_IMPLEMENTATIONS = YES;
				CLANG_WARN_DIRECT_OBJC_ISA_USAGE = YES_ERROR;
				CLANG_WARN_DOCUMENTATION_COMMENTS = YES;
				CLANG_WARN_EMPTY_BODY = YES;
				CLANG_WARN_ENUM_CONVERSION = YES;
				CLANG_WARN_INFINITE_RECURSION = YES;
				CLANG_WARN_INT_CONVERSION = YES;
				CLANG_WARN_NON_LITERAL_NULL_CONVERSION = YES;
				CLANG_WARN_OBJC_IMPLICIT_RETAIN_SELF = YES;
				CLANG_WARN_OBJC_LITERAL_CONVERSION = YES;
				CLANG_WARN_OBJC_ROOT_CLASS = YES_ERROR;
				CLANG_WARN_RANGE_LOOP_ANALYSIS = YES;
				CLANG_WARN_STRICT_PROTOTYPES = YES;
				CLANG_WARN_SUSPICIOUS_MOVE = YES;
				CLANG_WARN_UNGUARDED_AVAILABILITY = YES_AGGRESSIVE;
				CLANG_WARN_UNREACHABLE_CODE = YES;
				CLANG_WARN__DUPLICATE_METHOD_MATCH = YES;
				CODE_SIGN_IDENTITY = "iPhone Developer";
				COPY_PHASE_STRIP = NO;
				DEBUG_INFORMATION_FORMAT = dwarf;
				ENABLE_STRICT_OBJC_MSGSEND = YES;
				ENABLE_TESTABILITY = YES;
				GCC_C_LANGUAGE_STANDARD = gnu11;
				GCC_DYNAMIC_NO_PIC = NO;
				GCC_NO_COMMON_BLOCKS = YES;
				GCC_OPTIMIZATION_LEVEL = 0;
				GCC_PREPROCESSOR_DEFINITIONS = (
					"DEBUG=1",
					"$(inherited)",
				);
				GCC_WARN_64_TO_32_BIT_CONVERSION = YES;
				GCC_WARN_ABOUT_RETURN_TYPE = YES_ERROR;
				GCC_WARN_UNDECLARED_SELECTOR = YES;
				GCC_WARN_UNINITIALIZED_AUTOS = YES_AGGRESSIVE;
				GCC_WARN_UNUSED_FUNCTION = YES;
				GCC_WARN_UNUSED_VARIABLE = YES;
				IPHONEOS_DEPLOYMENT_TARGET = 11.0;
				MTL_ENABLE_DEBUG_INFO = INCLUDE_SOURCE;
				MTL_FAST_MATH = YES;
				ONLY_ACTIVE_ARCH = YES;
				SDKROOT = iphoneos;
				SWIFT_ACTIVE_COMPILATION_CONDITIONS = DEBUG;
				SWIFT_OPTIMIZATION_LEVEL = "-Onone";
			};
			name = Debug;
		};
		5C48B5E421F74E2700EE1795 /* Release */ = {
			isa = XCBuildConfiguration;
			buildSettings = {
				ALWAYS_SEARCH_USER_PATHS = NO;
				CLANG_ANALYZER_NONNULL = YES;
				CLANG_ANALYZER_NUMBER_OBJECT_CONVERSION = YES_AGGRESSIVE;
				CLANG_CXX_LANGUAGE_STANDARD = "gnu++14";
				CLANG_CXX_LIBRARY = "libc++";
				CLANG_ENABLE_MODULES = YES;
				CLANG_ENABLE_OBJC_ARC = YES;
				CLANG_ENABLE_OBJC_WEAK = YES;
				CLANG_WARN_BLOCK_CAPTURE_AUTORELEASING = YES;
				CLANG_WARN_BOOL_CONVERSION = YES;
				CLANG_WARN_COMMA = YES;
				CLANG_WARN_CONSTANT_CONVERSION = YES;
				CLANG_WARN_DEPRECATED_OBJC_IMPLEMENTATIONS = YES;
				CLANG_WARN_DIRECT_OBJC_ISA_USAGE = YES_ERROR;
				CLANG_WARN_DOCUMENTATION_COMMENTS = YES;
				CLANG_WARN_EMPTY_BODY = YES;
				CLANG_WARN_ENUM_CONVERSION = YES;
				CLANG_WARN_INFINITE_RECURSION = YES;
				CLANG_WARN_INT_CONVERSION = YES;
				CLANG_WARN_NON_LITERAL_NULL_CONVERSION = YES;
				CLANG_WARN_OBJC_IMPLICIT_RETAIN_SELF = YES;
				CLANG_WARN_OBJC_LITERAL_CONVERSION = YES;
				CLANG_WARN_OBJC_ROOT_CLASS = YES_ERROR;
				CLANG_WARN_RANGE_LOOP_ANALYSIS = YES;
				CLANG_WARN_STRICT_PROTOTYPES = YES;
				CLANG_WARN_SUSPICIOUS_MOVE = YES;
				CLANG_WARN_UNGUARDED_AVAILABILITY = YES_AGGRESSIVE;
				CLANG_WARN_UNREACHABLE_CODE = YES;
				CLANG_WARN__DUPLICATE_METHOD_MATCH = YES;
				CODE_SIGN_IDENTITY = "iPhone Developer";
				COPY_PHASE_STRIP = NO;
				DEBUG_INFORMATION_FORMAT = "dwarf-with-dsym";
				ENABLE_NS_ASSERTIONS = NO;
				ENABLE_STRICT_OBJC_MSGSEND = YES;
				GCC_C_LANGUAGE_STANDARD = gnu11;
				GCC_NO_COMMON_BLOCKS = YES;
				GCC_WARN_64_TO_32_BIT_CONVERSION = YES;
				GCC_WARN_ABOUT_RETURN_TYPE = YES_ERROR;
				GCC_WARN_UNDECLARED_SELECTOR = YES;
				GCC_WARN_UNINITIALIZED_AUTOS = YES_AGGRESSIVE;
				GCC_WARN_UNUSED_FUNCTION = YES;
				GCC_WARN_UNUSED_VARIABLE = YES;
				IPHONEOS_DEPLOYMENT_TARGET = 11.0;
				MTL_ENABLE_DEBUG_INFO = NO;
				MTL_FAST_MATH = YES;
				SDKROOT = iphoneos;
				SWIFT_COMPILATION_MODE = wholemodule;
				SWIFT_OPTIMIZATION_LEVEL = "-O";
				VALIDATE_PRODUCT = YES;
			};
			name = Release;
		};
		5C48B5E621F74E2700EE1795 /* Debug */ = {
			isa = XCBuildConfiguration;
			baseConfigurationReference = DF247A797B132FFD1DEA82FF /* Pods-SmartLibrary.debug.xcconfig */;
			buildSettings = {
				ASSETCATALOG_COMPILER_APPICON_NAME = AppIcon;
				CLANG_ENABLE_MODULES = YES;
				CODE_SIGN_IDENTITY = "iPhone Developer";
				CODE_SIGN_STYLE = Automatic;
				DEVELOPMENT_TEAM = ALBS6P5GL6;
				FRAMEWORK_SEARCH_PATHS = (
					"$(inherited)",
					"$(PROJECT_DIR)",
					"$(PROJECT_DIR)/Carthage/Build/iOS",
				);
				INFOPLIST_FILE = "$(SRCROOT)/SmartLibrary/Settings/Info.plist";
				LD_RUNPATH_SEARCH_PATHS = (
					"$(inherited)",
					"@executable_path/Frameworks",
				);
				MARKETING_VERSION = 1.0.0;
				PRODUCT_BUNDLE_IDENTIFIER = com.breffi.SmartLibrary2;
				PRODUCT_NAME = "$(TARGET_NAME)";
				PROVISIONING_PROFILE_SPECIFIER = "";
				SWIFT_ACTIVE_COMPILATION_CONDITIONS = DEBUG;
				SWIFT_OBJC_BRIDGING_HEADER = "SmartLibrary/SmartLibrary-Bridging-Header.h";
				SWIFT_OPTIMIZATION_LEVEL = "-Onone";
				SWIFT_VERSION = 4.2;
				TARGETED_DEVICE_FAMILY = "1,2";
			};
			name = Debug;
		};
		5C48B5E721F74E2700EE1795 /* Release */ = {
			isa = XCBuildConfiguration;
			baseConfigurationReference = 8B3E49E87706DAE22198D5E5 /* Pods-SmartLibrary.release.xcconfig */;
			buildSettings = {
				ASSETCATALOG_COMPILER_APPICON_NAME = AppIcon;
				CLANG_ENABLE_MODULES = YES;
				CODE_SIGN_IDENTITY = "iPhone Developer";
				CODE_SIGN_STYLE = Automatic;
				DEVELOPMENT_TEAM = ALBS6P5GL6;
				FRAMEWORK_SEARCH_PATHS = (
					"$(inherited)",
					"$(PROJECT_DIR)",
					"$(PROJECT_DIR)/Carthage/Build/iOS",
				);
				INFOPLIST_FILE = "$(SRCROOT)/SmartLibrary/Settings/Info.plist";
				LD_RUNPATH_SEARCH_PATHS = (
					"$(inherited)",
					"@executable_path/Frameworks",
				);
				MARKETING_VERSION = 1.0.0;
				PRODUCT_BUNDLE_IDENTIFIER = com.breffi.SmartLibrary2;
				PRODUCT_NAME = "$(TARGET_NAME)";
				PROVISIONING_PROFILE_SPECIFIER = "";
				SWIFT_ACTIVE_COMPILATION_CONDITIONS = "";
				SWIFT_OBJC_BRIDGING_HEADER = "SmartLibrary/SmartLibrary-Bridging-Header.h";
				SWIFT_VERSION = 4.2;
				TARGETED_DEVICE_FAMILY = "1,2";
			};
			name = Release;
		};
		5C48B5E921F74E2700EE1795 /* Debug */ = {
			isa = XCBuildConfiguration;
			baseConfigurationReference = 37B1820E2322DAA480E7B7DE /* Pods-SmartLibraryTests.debug.xcconfig */;
			buildSettings = {
				ALWAYS_EMBED_SWIFT_STANDARD_LIBRARIES = YES;
				BUNDLE_LOADER = "$(TEST_HOST)";
				CODE_SIGN_STYLE = Automatic;
				DEVELOPMENT_TEAM = ALBS6P5GL6;
				INFOPLIST_FILE = SmartLibrary2Tests/Info.plist;
				LD_RUNPATH_SEARCH_PATHS = (
					"$(inherited)",
					"@executable_path/Frameworks",
					"@loader_path/Frameworks",
				);
				PRODUCT_BUNDLE_IDENTIFIER = com.breffi.SmartLibrary2Tests;
				PRODUCT_NAME = "$(TARGET_NAME)";
				SWIFT_VERSION = 4.2;
				TARGETED_DEVICE_FAMILY = "1,2";
				TEST_HOST = "$(BUILT_PRODUCTS_DIR)/SmartLibrary.app/SmartLibrary";
			};
			name = Debug;
		};
		5C48B5EA21F74E2700EE1795 /* Release */ = {
			isa = XCBuildConfiguration;
			baseConfigurationReference = 4F3025B1508031E6E7A16175 /* Pods-SmartLibraryTests.release.xcconfig */;
			buildSettings = {
				ALWAYS_EMBED_SWIFT_STANDARD_LIBRARIES = YES;
				BUNDLE_LOADER = "$(TEST_HOST)";
				CODE_SIGN_STYLE = Automatic;
				DEVELOPMENT_TEAM = ALBS6P5GL6;
				INFOPLIST_FILE = SmartLibrary2Tests/Info.plist;
				LD_RUNPATH_SEARCH_PATHS = (
					"$(inherited)",
					"@executable_path/Frameworks",
					"@loader_path/Frameworks",
				);
				PRODUCT_BUNDLE_IDENTIFIER = com.breffi.SmartLibrary2Tests;
				PRODUCT_NAME = "$(TARGET_NAME)";
				SWIFT_VERSION = 4.2;
				TARGETED_DEVICE_FAMILY = "1,2";
				TEST_HOST = "$(BUILT_PRODUCTS_DIR)/SmartLibrary.app/SmartLibrary";
			};
			name = Release;
		};
/* End XCBuildConfiguration section */

/* Begin XCConfigurationList section */
		5C48B5C321F74E2500EE1795 /* Build configuration list for PBXProject "SmartLibrary" */ = {
			isa = XCConfigurationList;
			buildConfigurations = (
				5C48B5E321F74E2700EE1795 /* Debug */,
				5C48B5E421F74E2700EE1795 /* Release */,
			);
			defaultConfigurationIsVisible = 0;
			defaultConfigurationName = Release;
		};
		5C48B5E521F74E2700EE1795 /* Build configuration list for PBXNativeTarget "SmartLibrary" */ = {
			isa = XCConfigurationList;
			buildConfigurations = (
				5C48B5E621F74E2700EE1795 /* Debug */,
				5C48B5E721F74E2700EE1795 /* Release */,
			);
			defaultConfigurationIsVisible = 0;
			defaultConfigurationName = Release;
		};
		5C48B5E821F74E2700EE1795 /* Build configuration list for PBXNativeTarget "SmartLibraryTests" */ = {
			isa = XCConfigurationList;
			buildConfigurations = (
				5C48B5E921F74E2700EE1795 /* Debug */,
				5C48B5EA21F74E2700EE1795 /* Release */,
			);
			defaultConfigurationIsVisible = 0;
			defaultConfigurationName = Release;
		};
/* End XCConfigurationList section */
	};
	rootObject = 5C48B5C021F74E2500EE1795 /* Project object */;
}
